
Microsoft Visual Studio Solution File, Format Version 12.00
# Visual Studio Version 17
VisualStudioVersion = 17.14.36616.10 d17.14
MinimumVisualStudioVersion = 10.0.40219.1
Project("{FAE04EC0-301F-11D3-BF4B-00C04F79EFBC}") = "ControleEstoque", "ControleEstoque\ControleEstoque.csproj", "{83434300-E28B-496A-9B16-95B05EBBF711}"
EndProject
Global
	GlobalSection(SolutionConfigurationPlatforms) = preSolution
		Debug|Any CPU = Debug|Any CPU
		Release|Any CPU = Release|Any CPU
	EndGlobalSection
	GlobalSection(ProjectConfigurationPlatforms) = postSolution
		{83434300-E28B-496A-9B16-95B05EBBF711}.Debug|Any CPU.ActiveCfg = Debug|Any CPU
		{83434300-E28B-496A-9B16-95B05EBBF711}.Debug|Any CPU.Build.0 = Debug|Any CPU
		{83434300-E28B-496A-9B16-95B05EBBF711}.Release|Any CPU.ActiveCfg = Release|Any CPU
		{83434300-E28B-496A-9B16-95B05EBBF711}.Release|Any CPU.Build.0 = Release|Any CPU
	EndGlobalSection
	GlobalSection(SolutionProperties) = preSolution
		HideSolutionNode = FALSE
	EndGlobalSection
	GlobalSection(ExtensibilityGlobals) = postSolution
		SolutionGuid = {222A06F3-A24A-4914-B66A-18F1D92862F9}
	EndGlobalSection
EndGlobal
